{
    "name": "gamepadhelper",
    "version": "1.1.0",
    "lockfileVersion": 3,
    "requires": true,
    "packages": {
        "": {
            "name": "gamepadhelper",
            "version": "1.1.0",
            "license": "Apache-2.0",
            "dependencies": {
                "common-helpers": "git+ssh://git@github.com:bastecklein/common-helpers.git#main",
                "input-helper": "git+ssh://git@github.com:bastecklein/input-helper.git#main"
            },
            "devDependencies": {},
            "funding": {
                "type": "patreon",
                "url": "https://www.patreon.com/apeapps"
            }
        },
        "node_modules/common-helpers": {
            "version": "1.0.9",
            "resolved": "git+ssh://git@github.com/bastecklein/common-helpers.git#963e58cc329e3cf6b2014713816ace71e6ae27a5",
            "license": "Apache-2.0",
            "funding": {
                "type": "patreon",
                "url": "https://www.patreon.com/apeapps"
            }
        },
        "node_modules/input-helper": {
            "version": "1.0.1",
            "resolved": "git+ssh://git@github.com/bastecklein/input-helper.git#1f3c43593d564bb04f861b1b5f1fed2e8a19780d",
            "license": "Apache-2.0",
            "funding": {
                "type": "patreon",
                "url": "https://www.patreon.com/apeapps"
            }
        }
    }
}
