{
    "name": "gamepadhelper",
    "version": "1.0.0",
    "lockfileVersion": 3,
    "requires": true,
    "packages": {
        "": {
            "name": "gamepadhelper",
            "version": "1.0.0",
            "license": "Apache-2.0",
            "dependencies": {
                "common-helpers": "git+ssh://git@github.com:bastecklein/common-helpers.git#main",
                "input-helper": "git+ssh://git@github.com:bastecklein/input-helper.git#main"
            },
            "devDependencies": {},
            "funding": {
                "type": "patreon",
                "url": "https://www.patreon.com/apeapps"
            }
        },
        "node_modules/common-helpers": {
            "version": "1.0.6",
            "resolved": "git+ssh://git@github.com/bastecklein/common-helpers.git#f5ba88cd4f066df9e8e72fea6c9af58cf41ca2dd",
            "license": "Apache-2.0",
            "funding": {
                "type": "patreon",
                "url": "https://www.patreon.com/apeapps"
            }
        },
        "node_modules/input-helper": {
            "version": "1.0.0",
            "resolved": "git+ssh://git@github.com/bastecklein/input-helper.git#164f8988e2463afc3f5137f9bc355df98b0c44fa",
            "license": "Apache-2.0",
            "funding": {
                "type": "patreon",
                "url": "https://www.patreon.com/apeapps"
            }
        }
    }
}
